
Microsoft Visual Studio Solution File, Format Version 12.00
# Visual Studio Version 17
VisualStudioVersion = 17.7.34031.279
MinimumVisualStudioVersion = 10.0.40219.1
Project("{9A19103F-16F7-4668-BE54-9A1E7A4F7556}") = "CorsiFormazione.Web", "CorsiFormazione.Web\CorsiFormazione.Web.csproj", "{93458431-0A32-4661-AABB-05792CB7C88F}"
EndProject
Project("{9A19103F-16F7-4668-BE54-9A1E7A4F7556}") = "CorsiFormazione.Models", "CorsiFormazione.Models\CorsiFormazione.Models.csproj", "{E0936469-248C-440A-8C85-3DAC311CAFEE}"
EndProject
Project("{FAE04EC0-301F-11D3-BF4B-00C04F79EFBC}") = "CorsiFormazione.Application", "CorsiFormazione.Application\CorsiFormazione.Application.csproj", "{81102566-B2EB-4B84-8FD7-50A62419BC62}"
EndProject
Global
	GlobalSection(SolutionConfigurationPlatforms) = preSolution
		Debug|Any CPU = Debug|Any CPU
		Release|Any CPU = Release|Any CPU
	EndGlobalSection
	GlobalSection(ProjectConfigurationPlatforms) = postSolution
		{93458431-0A32-4661-AABB-05792CB7C88F}.Debug|Any CPU.ActiveCfg = Debug|Any CPU
		{93458431-0A32-4661-AABB-05792CB7C88F}.Debug|Any CPU.Build.0 = Debug|Any CPU
		{93458431-0A32-4661-AABB-05792CB7C88F}.Release|Any CPU.ActiveCfg = Release|Any CPU
		{93458431-0A32-4661-AABB-05792CB7C88F}.Release|Any CPU.Build.0 = Release|Any CPU
		{E0936469-248C-440A-8C85-3DAC311CAFEE}.Debug|Any CPU.ActiveCfg = Debug|Any CPU
		{E0936469-248C-440A-8C85-3DAC311CAFEE}.Debug|Any CPU.Build.0 = Debug|Any CPU
		{E0936469-248C-440A-8C85-3DAC311CAFEE}.Release|Any CPU.ActiveCfg = Release|Any CPU
		{E0936469-248C-440A-8C85-3DAC311CAFEE}.Release|Any CPU.Build.0 = Release|Any CPU
		{81102566-B2EB-4B84-8FD7-50A62419BC62}.Debug|Any CPU.ActiveCfg = Debug|Any CPU
		{81102566-B2EB-4B84-8FD7-50A62419BC62}.Debug|Any CPU.Build.0 = Debug|Any CPU
		{81102566-B2EB-4B84-8FD7-50A62419BC62}.Release|Any CPU.ActiveCfg = Release|Any CPU
		{81102566-B2EB-4B84-8FD7-50A62419BC62}.Release|Any CPU.Build.0 = Release|Any CPU
	EndGlobalSection
	GlobalSection(SolutionProperties) = preSolution
		HideSolutionNode = FALSE
	EndGlobalSection
	GlobalSection(ExtensibilityGlobals) = postSolution
		SolutionGuid = {88EBFE1C-E5E5-4A47-B736-85C5857A22DC}
	EndGlobalSection
EndGlobal
